{
  "name": "ReactPortfolioWebsite",
  "version": "1.0.0",
  "lockfileVersion": 1,
  "requires": true,
  "dependencies": {
    "simple-react-modal": {
      "version": "0.5.1",
      "resolved": "https://registry.npmjs.org/simple-react-modal/-/simple-react-modal-0.5.1.tgz",
      "integrity": "sha1-oyvOJBjVJ6SN/ht8w0PHpXoArxA="
    }
  }
}
